// !$*UTF8*$!
{
	archiveVersion = 1;
	classes = {
	};
	objectVersion = 50;
	objects = {

/* Begin PBXBuildFile section */
		0B1DFEFD2253605000329B7F /* AppDelegate.swift in Sources */ = {isa = PBXBuildFile; fileRef = 0B1DFEFC2253605000329B7F /* AppDelegate.swift */; };
		0B1DFEFF2253605000329B7F /* ViewController.swift in Sources */ = {isa = PBXBuildFile; fileRef = 0B1DFEFE2253605000329B7F /* ViewController.swift */; };
		0B1DFF022253605000329B7F /* Main.storyboard in Resources */ = {isa = PBXBuildFile; fileRef = 0B1DFF002253605000329B7F /* Main.storyboard */; };
		0B1DFF042253605300329B7F /* Assets.xcassets in Resources */ = {isa = PBXBuildFile; fileRef = 0B1DFF032253605300329B7F /* Assets.xcassets */; };
		0B1DFF072253605300329B7F /* LaunchScreen.storyboard in Resources */ = {isa = PBXBuildFile; fileRef = 0B1DFF052253605300329B7F /* LaunchScreen.storyboard */; };
		0B1DFF122253605300329B7F /* EyeFighterTests.swift in Sources */ = {isa = PBXBuildFile; fileRef = 0B1DFF112253605300329B7F /* EyeFighterTests.swift */; };
		0B1DFF1D2253605300329B7F /* EyeFighterUITests.swift in Sources */ = {isa = PBXBuildFile; fileRef = 0B1DFF1C2253605300329B7F /* EyeFighterUITests.swift */; };
		0B4C5C882269F7480054722C /* BluetoothWorker.swift in Sources */ = {isa = PBXBuildFile; fileRef = 0B4C5C872269F7480054722C /* BluetoothWorker.swift */; };
		0B4C5C8B2269FBFF0054722C /* BluetoothDevice.swift in Sources */ = {isa = PBXBuildFile; fileRef = 0B4C5C8A2269FBFF0054722C /* BluetoothDevice.swift */; };
		0B4C5C8D226A03E20054722C /* BluetoothCommand.swift in Sources */ = {isa = PBXBuildFile; fileRef = 0B4C5C862269F73B0054722C /* BluetoothCommand.swift */; };
		0B4D516322A0149B00C6E4D8 /* Models.scnassets in Resources */ = {isa = PBXBuildFile; fileRef = 0B4D516222A0149B00C6E4D8 /* Models.scnassets */; };
		0B4D516622A0154800C6E4D8 /* Pupil.swift in Sources */ = {isa = PBXBuildFile; fileRef = 0B4D516522A0154800C6E4D8 /* Pupil.swift */; };
		0B4D516822A02B8100C6E4D8 /* Arrow.swift in Sources */ = {isa = PBXBuildFile; fileRef = 0B4D516722A02B8100C6E4D8 /* Arrow.swift */; };
		0B4D516D22A187F600C6E4D8 /* ConnectionViewModel.swift in Sources */ = {isa = PBXBuildFile; fileRef = 0B4D516C22A187F600C6E4D8 /* ConnectionViewModel.swift */; };
		0B6400C7228AA3EA00ED58D4 /* ControlXYCommand.swift in Sources */ = {isa = PBXBuildFile; fileRef = 0B6400C6228AA3EA00ED58D4 /* ControlXYCommand.swift */; };
		0BD08100225C9FBD0089209A /* Calibration.swift in Sources */ = {isa = PBXBuildFile; fileRef = 0BD080FF225C9FBD0089209A /* Calibration.swift */; };
		0BD14448229D299B00A60FC1 /* SettingsViewController.swift in Sources */ = {isa = PBXBuildFile; fileRef = 0BD14447229D299B00A60FC1 /* SettingsViewController.swift */; };
		0BD1444B229D2E3B00A60FC1 /* SettingsWorker.swift in Sources */ = {isa = PBXBuildFile; fileRef = 0BD1444A229D2E3B00A60FC1 /* SettingsWorker.swift */; };
		0BD1444F229D2FA900A60FC1 /* SettingsViewModel.swift in Sources */ = {isa = PBXBuildFile; fileRef = 0BD1444E229D2FA900A60FC1 /* SettingsViewModel.swift */; };
		0BD1445B229E77ED00A60FC1 /* Hauser Condensed.ttf in Resources */ = {isa = PBXBuildFile; fileRef = 0BD1445A229E77BF00A60FC1 /* Hauser Condensed.ttf */; };
		0BD1445C229E77ED00A60FC1 /* Hauser.ttf in Resources */ = {isa = PBXBuildFile; fileRef = 0BD14459229E77BF00A60FC1 /* Hauser.ttf */; };
		0BD14460229E7E0E00A60FC1 /* SetupViewModel.swift in Sources */ = {isa = PBXBuildFile; fileRef = 0BD1445F229E7E0E00A60FC1 /* SetupViewModel.swift */; };
		0BE11341225CC50A002A3429 /* EyePosition.swift in Sources */ = {isa = PBXBuildFile; fileRef = 0BE11340225CC50A002A3429 /* EyePosition.swift */; };
		0BFA23D222A3CF0E00D7638D /* Ailerons-Typeface.ttf in Resources */ = {isa = PBXBuildFile; fileRef = 0BFA23D122A3CF0E00D7638D /* Ailerons-Typeface.ttf */; };
		0BFA23D422A3CFA800D7638D /* Chalifor Dalsatic DEMO.ttf in Resources */ = {isa = PBXBuildFile; fileRef = 0BFA23D322A3CFA400D7638D /* Chalifor Dalsatic DEMO.ttf */; };
		0BFA23D622A3D78100D7638D /* DebugViewModel.swift in Sources */ = {isa = PBXBuildFile; fileRef = 0BFA23D522A3D78100D7638D /* DebugViewModel.swift */; };
		0BFA23D822A3E57300D7638D /* SpeechWorker.swift in Sources */ = {isa = PBXBuildFile; fileRef = 0BFA23D722A3E57300D7638D /* SpeechWorker.swift */; };
		B1CB4446893589DF703F5E90 /* Pods_EyeFighterTests.framework in Frameworks */ = {isa = PBXBuildFile; fileRef = 502450CFB9829ADCEB17FD13 /* Pods_EyeFighterTests.framework */; };
		DB954BF95F4E9D0C4C44DA70 /* Pods_EyeFighter.framework in Frameworks */ = {isa = PBXBuildFile; fileRef = 29F98224B78619B6BB861388 /* Pods_EyeFighter.framework */; };
		FFCC6DD056C6DE9BA50284AF /* Pods_EyeFighterUITests.framework in Frameworks */ = {isa = PBXBuildFile; fileRef = FC13D9B4744C47D31462BAD8 /* Pods_EyeFighterUITests.framework */; };
/* End PBXBuildFile section */

/* Begin PBXContainerItemProxy section */
		0B1DFF0E2253605300329B7F /* PBXContainerItemProxy */ = {
			isa = PBXContainerItemProxy;
			containerPortal = 0B1DFEF12253605000329B7F /* Project object */;
			proxyType = 1;
			remoteGlobalIDString = 0B1DFEF82253605000329B7F;
			remoteInfo = EyeFighter;
		};
		0B1DFF192253605300329B7F /* PBXContainerItemProxy */ = {
			isa = PBXContainerItemProxy;
			containerPortal = 0B1DFEF12253605000329B7F /* Project object */;
			proxyType = 1;
			remoteGlobalIDString = 0B1DFEF82253605000329B7F;
			remoteInfo = EyeFighter;
		};
/* End PBXContainerItemProxy section */

/* Begin PBXFileReference section */
		0B1DFEF92253605000329B7F /* EyeFighter.app */ = {isa = PBXFileReference; explicitFileType = wrapper.application; includeInIndex = 0; path = EyeFighter.app; sourceTree = BUILT_PRODUCTS_DIR; };
		0B1DFEFC2253605000329B7F /* AppDelegate.swift */ = {isa = PBXFileReference; lastKnownFileType = sourcecode.swift; path = AppDelegate.swift; sourceTree = "<group>"; };
		0B1DFEFE2253605000329B7F /* ViewController.swift */ = {isa = PBXFileReference; lastKnownFileType = sourcecode.swift; path = ViewController.swift; sourceTree = "<group>"; };
		0B1DFF012253605000329B7F /* Base */ = {isa = PBXFileReference; lastKnownFileType = file.storyboard; name = Base; path = Base.lproj/Main.storyboard; sourceTree = "<group>"; };
		0B1DFF032253605300329B7F /* Assets.xcassets */ = {isa = PBXFileReference; lastKnownFileType = folder.assetcatalog; path = Assets.xcassets; sourceTree = "<group>"; };
		0B1DFF062253605300329B7F /* Base */ = {isa = PBXFileReference; lastKnownFileType = file.storyboard; name = Base; path = Base.lproj/LaunchScreen.storyboard; sourceTree = "<group>"; };
		0B1DFF082253605300329B7F /* Info.plist */ = {isa = PBXFileReference; lastKnownFileType = text.plist.xml; path = Info.plist; sourceTree = "<group>"; };
		0B1DFF0D2253605300329B7F /* EyeFighterTests.xctest */ = {isa = PBXFileReference; explicitFileType = wrapper.cfbundle; includeInIndex = 0; path = EyeFighterTests.xctest; sourceTree = BUILT_PRODUCTS_DIR; };
		0B1DFF112253605300329B7F /* EyeFighterTests.swift */ = {isa = PBXFileReference; lastKnownFileType = sourcecode.swift; path = EyeFighterTests.swift; sourceTree = "<group>"; };
		0B1DFF132253605300329B7F /* Info.plist */ = {isa = PBXFileReference; lastKnownFileType = text.plist.xml; path = Info.plist; sourceTree = "<group>"; };
		0B1DFF182253605300329B7F /* EyeFighterUITests.xctest */ = {isa = PBXFileReference; explicitFileType = wrapper.cfbundle; includeInIndex = 0; path = EyeFighterUITests.xctest; sourceTree = BUILT_PRODUCTS_DIR; };
		0B1DFF1C2253605300329B7F /* EyeFighterUITests.swift */ = {isa = PBXFileReference; lastKnownFileType = sourcecode.swift; path = EyeFighterUITests.swift; sourceTree = "<group>"; };
		0B1DFF1E2253605300329B7F /* Info.plist */ = {isa = PBXFileReference; lastKnownFileType = text.plist.xml; path = Info.plist; sourceTree = "<group>"; };
		0B4C5C862269F73B0054722C /* BluetoothCommand.swift */ = {isa = PBXFileReference; lastKnownFileType = sourcecode.swift; path = BluetoothCommand.swift; sourceTree = "<group>"; };
		0B4C5C872269F7480054722C /* BluetoothWorker.swift */ = {isa = PBXFileReference; lastKnownFileType = sourcecode.swift; path = BluetoothWorker.swift; sourceTree = "<group>"; };
		0B4C5C8A2269FBFF0054722C /* BluetoothDevice.swift */ = {isa = PBXFileReference; lastKnownFileType = sourcecode.swift; path = BluetoothDevice.swift; sourceTree = "<group>"; };
		0B4D516222A0149B00C6E4D8 /* Models.scnassets */ = {isa = PBXFileReference; lastKnownFileType = wrapper.scnassets; path = Models.scnassets; sourceTree = "<group>"; };
		0B4D516522A0154800C6E4D8 /* Pupil.swift */ = {isa = PBXFileReference; lastKnownFileType = sourcecode.swift; path = Pupil.swift; sourceTree = "<group>"; };
		0B4D516722A02B8100C6E4D8 /* Arrow.swift */ = {isa = PBXFileReference; lastKnownFileType = sourcecode.swift; path = Arrow.swift; sourceTree = "<group>"; };
		0B4D516C22A187F600C6E4D8 /* ConnectionViewModel.swift */ = {isa = PBXFileReference; lastKnownFileType = sourcecode.swift; path = ConnectionViewModel.swift; sourceTree = "<group>"; };
		0B6400C6228AA3EA00ED58D4 /* ControlXYCommand.swift */ = {isa = PBXFileReference; lastKnownFileType = sourcecode.swift; path = ControlXYCommand.swift; sourceTree = "<group>"; };
		0BD080FF225C9FBD0089209A /* Calibration.swift */ = {isa = PBXFileReference; lastKnownFileType = sourcecode.swift; path = Calibration.swift; sourceTree = "<group>"; };
		0BD14447229D299B00A60FC1 /* SettingsViewController.swift */ = {isa = PBXFileReference; lastKnownFileType = sourcecode.swift; path = SettingsViewController.swift; sourceTree = "<group>"; };
		0BD1444A229D2E3B00A60FC1 /* SettingsWorker.swift */ = {isa = PBXFileReference; lastKnownFileType = sourcecode.swift; path = SettingsWorker.swift; sourceTree = "<group>"; };
		0BD1444E229D2FA900A60FC1 /* SettingsViewModel.swift */ = {isa = PBXFileReference; lastKnownFileType = sourcecode.swift; path = SettingsViewModel.swift; sourceTree = "<group>"; };
		0BD14459229E77BF00A60FC1 /* Hauser.ttf */ = {isa = PBXFileReference; lastKnownFileType = file; path = Hauser.ttf; sourceTree = "<group>"; };
		0BD1445A229E77BF00A60FC1 /* Hauser Condensed.ttf */ = {isa = PBXFileReference; lastKnownFileType = file; path = "Hauser Condensed.ttf"; sourceTree = "<group>"; };
		0BD1445F229E7E0E00A60FC1 /* SetupViewModel.swift */ = {isa = PBXFileReference; lastKnownFileType = sourcecode.swift; path = SetupViewModel.swift; sourceTree = "<group>"; };
		0BE11340225CC50A002A3429 /* EyePosition.swift */ = {isa = PBXFileReference; lastKnownFileType = sourcecode.swift; path = EyePosition.swift; sourceTree = "<group>"; };
		0BFA23D122A3CF0E00D7638D /* Ailerons-Typeface.ttf */ = {isa = PBXFileReference; lastKnownFileType = file; path = "Ailerons-Typeface.ttf"; sourceTree = "<group>"; };
		0BFA23D322A3CFA400D7638D /* Chalifor Dalsatic DEMO.ttf */ = {isa = PBXFileReference; lastKnownFileType = file; path = "Chalifor Dalsatic DEMO.ttf"; sourceTree = "<group>"; };
		0BFA23D522A3D78100D7638D /* DebugViewModel.swift */ = {isa = PBXFileReference; lastKnownFileType = sourcecode.swift; path = DebugViewModel.swift; sourceTree = "<group>"; };
		0BFA23D722A3E57300D7638D /* SpeechWorker.swift */ = {isa = PBXFileReference; lastKnownFileType = sourcecode.swift; path = SpeechWorker.swift; sourceTree = "<group>"; };
		14E2F6B18A36233FC1412579 /* Pods-EyeFighterTests.debug.xcconfig */ = {isa = PBXFileReference; includeInIndex = 1; lastKnownFileType = text.xcconfig; name = "Pods-EyeFighterTests.debug.xcconfig"; path = "Target Support Files/Pods-EyeFighterTests/Pods-EyeFighterTests.debug.xcconfig"; sourceTree = "<group>"; };
		29F98224B78619B6BB861388 /* Pods_EyeFighter.framework */ = {isa = PBXFileReference; explicitFileType = wrapper.framework; includeInIndex = 0; path = Pods_EyeFighter.framework; sourceTree = BUILT_PRODUCTS_DIR; };
		4D7268310208E3E494EA04EC /* Pods-EyeFighter.release.xcconfig */ = {isa = PBXFileReference; includeInIndex = 1; lastKnownFileType = text.xcconfig; name = "Pods-EyeFighter.release.xcconfig"; path = "Target Support Files/Pods-EyeFighter/Pods-EyeFighter.release.xcconfig"; sourceTree = "<group>"; };
		502450CFB9829ADCEB17FD13 /* Pods_EyeFighterTests.framework */ = {isa = PBXFileReference; explicitFileType = wrapper.framework; includeInIndex = 0; path = Pods_EyeFighterTests.framework; sourceTree = BUILT_PRODUCTS_DIR; };
		574B271455E971ECBE3B3CD5 /* Pods-EyeFighterTests.release.xcconfig */ = {isa = PBXFileReference; includeInIndex = 1; lastKnownFileType = text.xcconfig; name = "Pods-EyeFighterTests.release.xcconfig"; path = "Target Support Files/Pods-EyeFighterTests/Pods-EyeFighterTests.release.xcconfig"; sourceTree = "<group>"; };
		919B343D35C746BE5B03A07B /* Pods-EyeFighterUITests.release.xcconfig */ = {isa = PBXFileReference; includeInIndex = 1; lastKnownFileType = text.xcconfig; name = "Pods-EyeFighterUITests.release.xcconfig"; path = "Target Support Files/Pods-EyeFighterUITests/Pods-EyeFighterUITests.release.xcconfig"; sourceTree = "<group>"; };
		C11D155D81D5B854479BC0B1 /* Pods-EyeFighter.debug.xcconfig */ = {isa = PBXFileReference; includeInIndex = 1; lastKnownFileType = text.xcconfig; name = "Pods-EyeFighter.debug.xcconfig"; path = "Target Support Files/Pods-EyeFighter/Pods-EyeFighter.debug.xcconfig"; sourceTree = "<group>"; };
		F3C25519AF9B0467B1C0798B /* Pods-EyeFighterUITests.debug.xcconfig */ = {isa = PBXFileReference; includeInIndex = 1; lastKnownFileType = text.xcconfig; name = "Pods-EyeFighterUITests.debug.xcconfig"; path = "Target Support Files/Pods-EyeFighterUITests/Pods-EyeFighterUITests.debug.xcconfig"; sourceTree = "<group>"; };
		FC13D9B4744C47D31462BAD8 /* Pods_EyeFighterUITests.framework */ = {isa = PBXFileReference; explicitFileType = wrapper.framework; includeInIndex = 0; path = Pods_EyeFighterUITests.framework; sourceTree = BUILT_PRODUCTS_DIR; };
/* End PBXFileReference section */

/* Begin PBXFrameworksBuildPhase section */
		0B1DFEF62253605000329B7F /* Frameworks */ = {
			isa = PBXFrameworksBuildPhase;
			buildActionMask = 2147483647;
			files = (
				DB954BF95F4E9D0C4C44DA70 /* Pods_EyeFighter.framework in Frameworks */,
			);
			runOnlyForDeploymentPostprocessing = 0;
		};
		0B1DFF0A2253605300329B7F /* Frameworks */ = {
			isa = PBXFrameworksBuildPhase;
			buildActionMask = 2147483647;
			files = (
				B1CB4446893589DF703F5E90 /* Pods_EyeFighterTests.framework in Frameworks */,
			);
			runOnlyForDeploymentPostprocessing = 0;
		};
		0B1DFF152253605300329B7F /* Frameworks */ = {
			isa = PBXFrameworksBuildPhase;
			buildActionMask = 2147483647;
			files = (
				FFCC6DD056C6DE9BA50284AF /* Pods_EyeFighterUITests.framework in Frameworks */,
			);
			runOnlyForDeploymentPostprocessing = 0;
		};
/* End PBXFrameworksBuildPhase section */

/* Begin PBXGroup section */
		0B1DFEF02253605000329B7F = {
			isa = PBXGroup;
			children = (
				0B1DFEFB2253605000329B7F /* EyeFighter */,
				0B1DFF102253605300329B7F /* EyeFighterTests */,
				0B1DFF1B2253605300329B7F /* EyeFighterUITests */,
				0B1DFEFA2253605000329B7F /* Products */,
				884366832C36A5408D6AB55B /* Pods */,
				E5F0BDA9A373E9569172A49A /* Frameworks */,
			);
			sourceTree = "<group>";
		};
		0B1DFEFA2253605000329B7F /* Products */ = {
			isa = PBXGroup;
			children = (
				0B1DFEF92253605000329B7F /* EyeFighter.app */,
				0B1DFF0D2253605300329B7F /* EyeFighterTests.xctest */,
				0B1DFF182253605300329B7F /* EyeFighterUITests.xctest */,
			);
			name = Products;
			sourceTree = "<group>";
		};
		0B1DFEFB2253605000329B7F /* EyeFighter */ = {
			isa = PBXGroup;
			children = (
				0B4D516422A0151A00C6E4D8 /* ARNodes */,
				0BD14450229E6EFF00A60FC1 /* Fonts */,
				0BD1444D229D2F9D00A60FC1 /* ViewModel */,
				0BD14449229D2E3100A60FC1 /* Settings */,
				0B4C5C892269F7540054722C /* Calibration */,
				0B4C5C842269F7330054722C /* Bluetooth */,
				0B4C5C832269F72C0054722C /* Commands */,
				0B1DFEFC2253605000329B7F /* AppDelegate.swift */,
				0B1DFEFE2253605000329B7F /* ViewController.swift */,
				0BD14447229D299B00A60FC1 /* SettingsViewController.swift */,
				0B1DFF002253605000329B7F /* Main.storyboard */,
				0B4D516222A0149B00C6E4D8 /* Models.scnassets */,
				0B1DFF032253605300329B7F /* Assets.xcassets */,
				0B1DFF052253605300329B7F /* LaunchScreen.storyboard */,
				0B1DFF082253605300329B7F /* Info.plist */,
			);
			path = EyeFighter;
			sourceTree = "<group>";
		};
		0B1DFF102253605300329B7F /* EyeFighterTests */ = {
			isa = PBXGroup;
			children = (
				0B1DFF112253605300329B7F /* EyeFighterTests.swift */,
				0B1DFF132253605300329B7F /* Info.plist */,
			);
			path = EyeFighterTests;
			sourceTree = "<group>";
		};
		0B1DFF1B2253605300329B7F /* EyeFighterUITests */ = {
			isa = PBXGroup;
			children = (
				0B1DFF1C2253605300329B7F /* EyeFighterUITests.swift */,
				0B1DFF1E2253605300329B7F /* Info.plist */,
			);
			path = EyeFighterUITests;
			sourceTree = "<group>";
		};
		0B4C5C832269F72C0054722C /* Commands */ = {
			isa = PBXGroup;
			children = (
				0B4C5C862269F73B0054722C /* BluetoothCommand.swift */,
				0B6400C6228AA3EA00ED58D4 /* ControlXYCommand.swift */,
			);
			path = Commands;
			sourceTree = "<group>";
		};
		0B4C5C842269F7330054722C /* Bluetooth */ = {
			isa = PBXGroup;
			children = (
				0B4C5C872269F7480054722C /* BluetoothWorker.swift */,
				0B4C5C8A2269FBFF0054722C /* BluetoothDevice.swift */,
			);
			path = Bluetooth;
			sourceTree = "<group>";
		};
		0B4C5C892269F7540054722C /* Calibration */ = {
			isa = PBXGroup;
			children = (
				0BE11340225CC50A002A3429 /* EyePosition.swift */,
				0BD080FF225C9FBD0089209A /* Calibration.swift */,
				0BFA23D722A3E57300D7638D /* SpeechWorker.swift */,
			);
			path = Calibration;
			sourceTree = "<group>";
		};
		0B4D516422A0151A00C6E4D8 /* ARNodes */ = {
			isa = PBXGroup;
			children = (
				0B4D516522A0154800C6E4D8 /* Pupil.swift */,
				0B4D516722A02B8100C6E4D8 /* Arrow.swift */,
			);
			path = ARNodes;
			sourceTree = "<group>";
		};
		0BD14449229D2E3100A60FC1 /* Settings */ = {
			isa = PBXGroup;
			children = (
				0BD1444A229D2E3B00A60FC1 /* SettingsWorker.swift */,
			);
			path = Settings;
			sourceTree = "<group>";
		};
		0BD1444D229D2F9D00A60FC1 /* ViewModel */ = {
			isa = PBXGroup;
			children = (
				0BD1444E229D2FA900A60FC1 /* SettingsViewModel.swift */,
				0BD1445F229E7E0E00A60FC1 /* SetupViewModel.swift */,
				0B4D516C22A187F600C6E4D8 /* ConnectionViewModel.swift */,
				0BFA23D522A3D78100D7638D /* DebugViewModel.swift */,
			);
			path = ViewModel;
			sourceTree = "<group>";
		};
		0BD14450229E6EFF00A60FC1 /* Fonts */ = {
			isa = PBXGroup;
			children = (
				0BFA23D322A3CFA400D7638D /* Chalifor Dalsatic DEMO.ttf */,
				0BFA23D122A3CF0E00D7638D /* Ailerons-Typeface.ttf */,
				0BD1445A229E77BF00A60FC1 /* Hauser Condensed.ttf */,
				0BD14459229E77BF00A60FC1 /* Hauser.ttf */,
			);
			path = Fonts;
			sourceTree = "<group>";
		};
		884366832C36A5408D6AB55B /* Pods */ = {
			isa = PBXGroup;
			children = (
				C11D155D81D5B854479BC0B1 /* Pods-EyeFighter.debug.xcconfig */,
				4D7268310208E3E494EA04EC /* Pods-EyeFighter.release.xcconfig */,
				14E2F6B18A36233FC1412579 /* Pods-EyeFighterTests.debug.xcconfig */,
				574B271455E971ECBE3B3CD5 /* Pods-EyeFighterTests.release.xcconfig */,
				F3C25519AF9B0467B1C0798B /* Pods-EyeFighterUITests.debug.xcconfig */,
				919B343D35C746BE5B03A07B /* Pods-EyeFighterUITests.release.xcconfig */,
			);
			path = Pods;
			sourceTree = "<group>";
		};
		E5F0BDA9A373E9569172A49A /* Frameworks */ = {
			isa = PBXGroup;
			children = (
				29F98224B78619B6BB861388 /* Pods_EyeFighter.framework */,
				502450CFB9829ADCEB17FD13 /* Pods_EyeFighterTests.framework */,
				FC13D9B4744C47D31462BAD8 /* Pods_EyeFighterUITests.framework */,
			);
			name = Frameworks;
			sourceTree = "<group>";
		};
/* End PBXGroup section */

/* Begin PBXNativeTarget section */
		0B1DFEF82253605000329B7F /* EyeFighter */ = {
			isa = PBXNativeTarget;
			buildConfigurationList = 0B1DFF212253605300329B7F /* Build configuration list for PBXNativeTarget "EyeFighter" */;
			buildPhases = (
				F00BA6DDFB41BE813A4B9D5F /* [CP] Check Pods Manifest.lock */,
				0B1DFEF52253605000329B7F /* Sources */,
				0B1DFEF62253605000329B7F /* Frameworks */,
				0B1DFEF72253605000329B7F /* Resources */,
				3DE5A2A5E09D882542E0A155 /* [CP] Embed Pods Frameworks */,
			);
			buildRules = (
			);
			dependencies = (
			);
			name = EyeFighter;
			productName = EyeFighter;
			productReference = 0B1DFEF92253605000329B7F /* EyeFighter.app */;
			productType = "com.apple.product-type.application";
		};
		0B1DFF0C2253605300329B7F /* EyeFighterTests */ = {
			isa = PBXNativeTarget;
			buildConfigurationList = 0B1DFF242253605300329B7F /* Build configuration list for PBXNativeTarget "EyeFighterTests" */;
			buildPhases = (
				FCE928DF9F41D636C8841FE1 /* [CP] Check Pods Manifest.lock */,
				0B1DFF092253605300329B7F /* Sources */,
				0B1DFF0A2253605300329B7F /* Frameworks */,
				0B1DFF0B2253605300329B7F /* Resources */,
			);
			buildRules = (
			);
			dependencies = (
				0B1DFF0F2253605300329B7F /* PBXTargetDependency */,
			);
			name = EyeFighterTests;
			productName = EyeFighterTests;
			productReference = 0B1DFF0D2253605300329B7F /* EyeFighterTests.xctest */;
			productType = "com.apple.product-type.bundle.unit-test";
		};
		0B1DFF172253605300329B7F /* EyeFighterUITests */ = {
			isa = PBXNativeTarget;
			buildConfigurationList = 0B1DFF272253605300329B7F /* Build configuration list for PBXNativeTarget "EyeFighterUITests" */;
			buildPhases = (
				A02786E14CF587EC90916778 /* [CP] Check Pods Manifest.lock */,
				0B1DFF142253605300329B7F /* Sources */,
				0B1DFF152253605300329B7F /* Frameworks */,
				0B1DFF162253605300329B7F /* Resources */,
			);
			buildRules = (
			);
			dependencies = (
				0B1DFF1A2253605300329B7F /* PBXTargetDependency */,
			);
			name = EyeFighterUITests;
			productName = EyeFighterUITests;
			productReference = 0B1DFF182253605300329B7F /* EyeFighterUITests.xctest */;
			productType = "com.apple.product-type.bundle.ui-testing";
		};
/* End PBXNativeTarget section */

/* Begin PBXProject section */
		0B1DFEF12253605000329B7F /* Project object */ = {
			isa = PBXProject;
			attributes = {
				LastSwiftUpdateCheck = 1010;
				LastUpgradeCheck = 1010;
				ORGANIZATIONNAME = neoxapps;
				TargetAttributes = {
					0B1DFEF82253605000329B7F = {
						CreatedOnToolsVersion = 10.1;
						LastSwiftMigration = 1020;
					};
					0B1DFF0C2253605300329B7F = {
						CreatedOnToolsVersion = 10.1;
						LastSwiftMigration = 1020;
						TestTargetID = 0B1DFEF82253605000329B7F;
					};
					0B1DFF172253605300329B7F = {
						CreatedOnToolsVersion = 10.1;
						LastSwiftMigration = 1020;
						TestTargetID = 0B1DFEF82253605000329B7F;
					};
				};
			};
			buildConfigurationList = 0B1DFEF42253605000329B7F /* Build configuration list for PBXProject "EyeFighter" */;
			compatibilityVersion = "Xcode 9.3";
			developmentRegion = Germany;
			hasScannedForEncodings = 0;
			knownRegions = (
				Germany,
				en,
				Base,
			);
			mainGroup = 0B1DFEF02253605000329B7F;
			productRefGroup = 0B1DFEFA2253605000329B7F /* Products */;
			projectDirPath = "";
			projectRoot = "";
			targets = (
				0B1DFEF82253605000329B7F /* EyeFighter */,
				0B1DFF0C2253605300329B7F /* EyeFighterTests */,
				0B1DFF172253605300329B7F /* EyeFighterUITests */,
			);
		};
/* End PBXProject section */

/* Begin PBXResourcesBuildPhase section */
		0B1DFEF72253605000329B7F /* Resources */ = {
			isa = PBXResourcesBuildPhase;
			buildActionMask = 2147483647;
			files = (
				0BFA23D422A3CFA800D7638D /* Chalifor Dalsatic DEMO.ttf in Resources */,
				0BD1445C229E77ED00A60FC1 /* Hauser.ttf in Resources */,
				0B1DFF072253605300329B7F /* LaunchScreen.storyboard in Resources */,
				0B1DFF042253605300329B7F /* Assets.xcassets in Resources */,
				0B4D516322A0149B00C6E4D8 /* Models.scnassets in Resources */,
				0B1DFF022253605000329B7F /* Main.storyboard in Resources */,
				0BFA23D222A3CF0E00D7638D /* Ailerons-Typeface.ttf in Resources */,
				0BD1445B229E77ED00A60FC1 /* Hauser Condensed.ttf in Resources */,
			);
			runOnlyForDeploymentPostprocessing = 0;
		};
		0B1DFF0B2253605300329B7F /* Resources */ = {
			isa = PBXResourcesBuildPhase;
			buildActionMask = 2147483647;
			files = (
			);
			runOnlyForDeploymentPostprocessing = 0;
		};
		0B1DFF162253605300329B7F /* Resources */ = {
			isa = PBXResourcesBuildPhase;
			buildActionMask = 2147483647;
			files = (
			);
			runOnlyForDeploymentPostprocessing = 0;
		};
/* End PBXResourcesBuildPhase section */

/* Begin PBXShellScriptBuildPhase section */
		3DE5A2A5E09D882542E0A155 /* [CP] Embed Pods Frameworks */ = {
			isa = PBXShellScriptBuildPhase;
			buildActionMask = 2147483647;
			files = (
			);
			inputFileListPaths = (
			);
			inputPaths = (
				"${PODS_ROOT}/Target Support Files/Pods-EyeFighter/Pods-EyeFighter-frameworks.sh",
				"${BUILT_PRODUCTS_DIR}/FTLinearActivityIndicator/FTLinearActivityIndicator.framework",
			);
			name = "[CP] Embed Pods Frameworks";
			outputFileListPaths = (
			);
			outputPaths = (
				"${TARGET_BUILD_DIR}/${FRAMEWORKS_FOLDER_PATH}/FTLinearActivityIndicator.framework",
			);
			runOnlyForDeploymentPostprocessing = 0;
			shellPath = /bin/sh;
			shellScript = "\"${PODS_ROOT}/Target Support Files/Pods-EyeFighter/Pods-EyeFighter-frameworks.sh\"\n";
			showEnvVarsInLog = 0;
		};
		A02786E14CF587EC90916778 /* [CP] Check Pods Manifest.lock */ = {
			isa = PBXShellScriptBuildPhase;
			buildActionMask = 2147483647;
			files = (
			);
			inputFileListPaths = (
			);
			inputPaths = (
				"${PODS_PODFILE_DIR_PATH}/Podfile.lock",
				"${PODS_ROOT}/Manifest.lock",
			);
			name = "[CP] Check Pods Manifest.lock";
			outputFileListPaths = (
			);
			outputPaths = (
				"$(DERIVED_FILE_DIR)/Pods-EyeFighterUITests-checkManifestLockResult.txt",
			);
			runOnlyForDeploymentPostprocessing = 0;
			shellPath = /bin/sh;
			shellScript = "diff \"${PODS_PODFILE_DIR_PATH}/Podfile.lock\" \"${PODS_ROOT}/Manifest.lock\" > /dev/null\nif [ $? != 0 ] ; then\n    # print error to STDERR\n    echo \"error: The sandbox is not in sync with the Podfile.lock. Run 'pod install' or update your CocoaPods installation.\" >&2\n    exit 1\nfi\n# This output is used by Xcode 'outputs' to avoid re-running this script phase.\necho \"SUCCESS\" > \"${SCRIPT_OUTPUT_FILE_0}\"\n";
			showEnvVarsInLog = 0;
		};
		F00BA6DDFB41BE813A4B9D5F /* [CP] Check Pods Manifest.lock */ = {
			isa = PBXShellScriptBuildPhase;
			buildActionMask = 2147483647;
			files = (
			);
			inputFileListPaths = (
			);
			inputPaths = (
				"${PODS_PODFILE_DIR_PATH}/Podfile.lock",
				"${PODS_ROOT}/Manifest.lock",
			);
			name = "[CP] Check Pods Manifest.lock";
			outputFileListPaths = (
			);
			outputPaths = (
				"$(DERIVED_FILE_DIR)/Pods-EyeFighter-checkManifestLockResult.txt",
			);
			runOnlyForDeploymentPostprocessing = 0;
			shellPath = /bin/sh;
			shellScript = "diff \"${PODS_PODFILE_DIR_PATH}/Podfile.lock\" \"${PODS_ROOT}/Manifest.lock\" > /dev/null\nif [ $? != 0 ] ; then\n    # print error to STDERR\n    echo \"error: The sandbox is not in sync with the Podfile.lock. Run 'pod install' or update your CocoaPods installation.\" >&2\n    exit 1\nfi\n# This output is used by Xcode 'outputs' to avoid re-running this script phase.\necho \"SUCCESS\" > \"${SCRIPT_OUTPUT_FILE_0}\"\n";
			showEnvVarsInLog = 0;
		};
		FCE928DF9F41D636C8841FE1 /* [CP] Check Pods Manifest.lock */ = {
			isa = PBXShellScriptBuildPhase;
			buildActionMask = 2147483647;
			files = (
			);
			inputFileListPaths = (
			);
			inputPaths = (
				"${PODS_PODFILE_DIR_PATH}/Podfile.lock",
				"${PODS_ROOT}/Manifest.lock",
			);
			name = "[CP] Check Pods Manifest.lock";
			outputFileListPaths = (
			);
			outputPaths = (
				"$(DERIVED_FILE_DIR)/Pods-EyeFighterTests-checkManifestLockResult.txt",
			);
			runOnlyForDeploymentPostprocessing = 0;
			shellPath = /bin/sh;
			shellScript = "diff \"${PODS_PODFILE_DIR_PATH}/Podfile.lock\" \"${PODS_ROOT}/Manifest.lock\" > /dev/null\nif [ $? != 0 ] ; then\n    # print error to STDERR\n    echo \"error: The sandbox is not in sync with the Podfile.lock. Run 'pod install' or update your CocoaPods installation.\" >&2\n    exit 1\nfi\n# This output is used by Xcode 'outputs' to avoid re-running this script phase.\necho \"SUCCESS\" > \"${SCRIPT_OUTPUT_FILE_0}\"\n";
			showEnvVarsInLog = 0;
		};
/* End PBXShellScriptBuildPhase section */

/* Begin PBXSourcesBuildPhase section */
		0B1DFEF52253605000329B7F /* Sources */ = {
			isa = PBXSourcesBuildPhase;
			buildActionMask = 2147483647;
			files = (
				0B6400C7228AA3EA00ED58D4 /* ControlXYCommand.swift in Sources */,
				0B4D516822A02B8100C6E4D8 /* Arrow.swift in Sources */,
				0BFA23D622A3D78100D7638D /* DebugViewModel.swift in Sources */,
				0BD1444B229D2E3B00A60FC1 /* SettingsWorker.swift in Sources */,
				0B4C5C8D226A03E20054722C /* BluetoothCommand.swift in Sources */,
				0B4D516D22A187F600C6E4D8 /* ConnectionViewModel.swift in Sources */,
				0B4C5C8B2269FBFF0054722C /* BluetoothDevice.swift in Sources */,
				0BD14460229E7E0E00A60FC1 /* SetupViewModel.swift in Sources */,
				0BD14448229D299B00A60FC1 /* SettingsViewController.swift in Sources */,
				0B4C5C882269F7480054722C /* BluetoothWorker.swift in Sources */,
				0BE11341225CC50A002A3429 /* EyePosition.swift in Sources */,
				0B1DFEFF2253605000329B7F /* ViewController.swift in Sources */,
				0BFA23D822A3E57300D7638D /* SpeechWorker.swift in Sources */,
				0BD08100225C9FBD0089209A /* Calibration.swift in Sources */,
				0B4D516622A0154800C6E4D8 /* Pupil.swift in Sources */,
				0B1DFEFD2253605000329B7F /* AppDelegate.swift in Sources */,
				0BD1444F229D2FA900A60FC1 /* SettingsViewModel.swift in Sources */,
			);
			runOnlyForDeploymentPostprocessing = 0;
		};
		0B1DFF092253605300329B7F /* Sources */ = {
			isa = PBXSourcesBuildPhase;
			buildActionMask = 2147483647;
			files = (
				0B1DFF122253605300329B7F /* EyeFighterTests.swift in Sources */,
			);
			runOnlyForDeploymentPostprocessing = 0;
		};
		0B1DFF142253605300329B7F /* Sources */ = {
			isa = PBXSourcesBuildPhase;
			buildActionMask = 2147483647;
			files = (
				0B1DFF1D2253605300329B7F /* EyeFighterUITests.swift in Sources */,
			);
			runOnlyForDeploymentPostprocessing = 0;
		};
/* End PBXSourcesBuildPhase section */

/* Begin PBXTargetDependency section */
		0B1DFF0F2253605300329B7F /* PBXTargetDependency */ = {
			isa = PBXTargetDependency;
			target = 0B1DFEF82253605000329B7F /* EyeFighter */;
			targetProxy = 0B1DFF0E2253605300329B7F /* PBXContainerItemProxy */;
		};
		0B1DFF1A2253605300329B7F /* PBXTargetDependency */ = {
			isa = PBXTargetDependency;
			target = 0B1DFEF82253605000329B7F /* EyeFighter */;
			targetProxy = 0B1DFF192253605300329B7F /* PBXContainerItemProxy */;
		};
/* End PBXTargetDependency section */

/* Begin PBXVariantGroup section */
		0B1DFF002253605000329B7F /* Main.storyboard */ = {
			isa = PBXVariantGroup;
			children = (
				0B1DFF012253605000329B7F /* Base */,
			);
			name = Main.storyboard;
			sourceTree = "<group>";
		};
		0B1DFF052253605300329B7F /* LaunchScreen.storyboard */ = {
			isa = PBXVariantGroup;
			children = (
				0B1DFF062253605300329B7F /* Base */,
			);
			name = LaunchScreen.storyboard;
			sourceTree = "<group>";
		};
/* End PBXVariantGroup section */

/* Begin XCBuildConfiguration section */
		0B1DFF1F2253605300329B7F /* Debug */ = {
			isa = XCBuildConfiguration;
			buildSettings = {
				ALWAYS_SEARCH_USER_PATHS = NO;
				CLANG_ANALYZER_NONNULL = YES;
				CLANG_ANALYZER_NUMBER_OBJECT_CONVERSION = YES_AGGRESSIVE;
				CLANG_CXX_LANGUAGE_STANDARD = "gnu++14";
				CLANG_CXX_LIBRARY = "libc++";
				CLANG_ENABLE_MODULES = YES;
				CLANG_ENABLE_OBJC_ARC = YES;
				CLANG_ENABLE_OBJC_WEAK = YES;
				CLANG_WARN_BLOCK_CAPTURE_AUTORELEASING = YES;
				CLANG_WARN_BOOL_CONVERSION = YES;
				CLANG_WARN_COMMA = YES;
				CLANG_WARN_CONSTANT_CONVERSION = YES;
				CLANG_WARN_DEPRECATED_OBJC_IMPLEMENTATIONS = YES;
				CLANG_WARN_DIRECT_OBJC_ISA_USAGE = YES_ERROR;
				CLANG_WARN_DOCUMENTATION_COMMENTS = YES;
				CLANG_WARN_EMPTY_BODY = YES;
				CLANG_WARN_ENUM_CONVERSION = YES;
				CLANG_WARN_INFINITE_RECURSION = YES;
				CLANG_WARN_INT_CONVERSION = YES;
				CLANG_WARN_NON_LITERAL_NULL_CONVERSION = YES;
				CLANG_WARN_OBJC_IMPLICIT_RETAIN_SELF = YES;
				CLANG_WARN_OBJC_LITERAL_CONVERSION = YES;
				CLANG_WARN_OBJC_ROOT_CLASS = YES_ERROR;
				CLANG_WARN_RANGE_LOOP_ANALYSIS = YES;
				CLANG_WARN_STRICT_PROTOTYPES = YES;
				CLANG_WARN_SUSPICIOUS_MOVE = YES;
				CLANG_WARN_UNGUARDED_AVAILABILITY = YES_AGGRESSIVE;
				CLANG_WARN_UNREACHABLE_CODE = YES;
				CLANG_WARN__DUPLICATE_METHOD_MATCH = YES;
				CODE_SIGN_IDENTITY = "iPhone Developer";
				COPY_PHASE_STRIP = NO;
				DEBUG_INFORMATION_FORMAT = dwarf;
				ENABLE_STRICT_OBJC_MSGSEND = YES;
				ENABLE_TESTABILITY = YES;
				GCC_C_LANGUAGE_STANDARD = gnu11;
				GCC_DYNAMIC_NO_PIC = NO;
				GCC_NO_COMMON_BLOCKS = YES;
				GCC_OPTIMIZATION_LEVEL = 0;
				GCC_PREPROCESSOR_DEFINITIONS = (
					"DEBUG=1",
					"$(inherited)",
				);
				GCC_WARN_64_TO_32_BIT_CONVERSION = YES;
				GCC_WARN_ABOUT_RETURN_TYPE = YES_ERROR;
				GCC_WARN_UNDECLARED_SELECTOR = YES;
				GCC_WARN_UNINITIALIZED_AUTOS = YES_AGGRESSIVE;
				GCC_WARN_UNUSED_FUNCTION = YES;
				GCC_WARN_UNUSED_VARIABLE = YES;
				IPHONEOS_DEPLOYMENT_TARGET = 12.1;
				MTL_ENABLE_DEBUG_INFO = INCLUDE_SOURCE;
				MTL_FAST_MATH = YES;
				ONLY_ACTIVE_ARCH = YES;
				SDKROOT = iphoneos;
				SWIFT_ACTIVE_COMPILATION_CONDITIONS = DEBUG;
				SWIFT_OPTIMIZATION_LEVEL = "-Onone";
			};
			name = Debug;
		};
		0B1DFF202253605300329B7F /* Release */ = {
			isa = XCBuildConfiguration;
			buildSettings = {
				ALWAYS_SEARCH_USER_PATHS = NO;
				CLANG_ANALYZER_NONNULL = YES;
				CLANG_ANALYZER_NUMBER_OBJECT_CONVERSION = YES_AGGRESSIVE;
				CLANG_CXX_LANGUAGE_STANDARD = "gnu++14";
				CLANG_CXX_LIBRARY = "libc++";
				CLANG_ENABLE_MODULES = YES;
				CLANG_ENABLE_OBJC_ARC = YES;
				CLANG_ENABLE_OBJC_WEAK = YES;
				CLANG_WARN_BLOCK_CAPTURE_AUTORELEASING = YES;
				CLANG_WARN_BOOL_CONVERSION = YES;
				CLANG_WARN_COMMA = YES;
				CLANG_WARN_CONSTANT_CONVERSION = YES;
				CLANG_WARN_DEPRECATED_OBJC_IMPLEMENTATIONS = YES;
				CLANG_WARN_DIRECT_OBJC_ISA_USAGE = YES_ERROR;
				CLANG_WARN_DOCUMENTATION_COMMENTS = YES;
				CLANG_WARN_EMPTY_BODY = YES;
				CLANG_WARN_ENUM_CONVERSION = YES;
				CLANG_WARN_INFINITE_RECURSION = YES;
				CLANG_WARN_INT_CONVERSION = YES;
				CLANG_WARN_NON_LITERAL_NULL_CONVERSION = YES;
				CLANG_WARN_OBJC_IMPLICIT_RETAIN_SELF = YES;
				CLANG_WARN_OBJC_LITERAL_CONVERSION = YES;
				CLANG_WARN_OBJC_ROOT_CLASS = YES_ERROR;
				CLANG_WARN_RANGE_LOOP_ANALYSIS = YES;
				CLANG_WARN_STRICT_PROTOTYPES = YES;
				CLANG_WARN_SUSPICIOUS_MOVE = YES;
				CLANG_WARN_UNGUARDED_AVAILABILITY = YES_AGGRESSIVE;
				CLANG_WARN_UNREACHABLE_CODE = YES;
				CLANG_WARN__DUPLICATE_METHOD_MATCH = YES;
				CODE_SIGN_IDENTITY = "iPhone Developer";
				COPY_PHASE_STRIP = NO;
				DEBUG_INFORMATION_FORMAT = "dwarf-with-dsym";
				ENABLE_NS_ASSERTIONS = NO;
				ENABLE_STRICT_OBJC_MSGSEND = YES;
				GCC_C_LANGUAGE_STANDARD = gnu11;
				GCC_NO_COMMON_BLOCKS = YES;
				GCC_WARN_64_TO_32_BIT_CONVERSION = YES;
				GCC_WARN_ABOUT_RETURN_TYPE = YES_ERROR;
				GCC_WARN_UNDECLARED_SELECTOR = YES;
				GCC_WARN_UNINITIALIZED_AUTOS = YES_AGGRESSIVE;
				GCC_WARN_UNUSED_FUNCTION = YES;
				GCC_WARN_UNUSED_VARIABLE = YES;
				IPHONEOS_DEPLOYMENT_TARGET = 12.1;
				MTL_ENABLE_DEBUG_INFO = NO;
				MTL_FAST_MATH = YES;
				SDKROOT = iphoneos;
				SWIFT_COMPILATION_MODE = wholemodule;
				SWIFT_OPTIMIZATION_LEVEL = "-O";
				VALIDATE_PRODUCT = YES;
			};
			name = Release;
		};
		0B1DFF222253605300329B7F /* Debug */ = {
			isa = XCBuildConfiguration;
			baseConfigurationReference = C11D155D81D5B854479BC0B1 /* Pods-EyeFighter.debug.xcconfig */;
			buildSettings = {
				ASSETCATALOG_COMPILER_APPICON_NAME = AppIcon;
				CODE_SIGN_STYLE = Automatic;
				DEVELOPMENT_TEAM = FGC363783Q;
				INFOPLIST_FILE = EyeFighter/Info.plist;
				LD_RUNPATH_SEARCH_PATHS = (
					"$(inherited)",
					"@executable_path/Frameworks",
				);
				PRODUCT_BUNDLE_IDENTIFIER = com.neoxapps.laservision;
				PRODUCT_NAME = "$(TARGET_NAME)";
				SWIFT_VERSION = 5.0;
				TARGETED_DEVICE_FAMILY = "1,2";
			};
			name = Debug;
		};
		0B1DFF232253605300329B7F /* Release */ = {
			isa = XCBuildConfiguration;
			baseConfigurationReference = 4D7268310208E3E494EA04EC /* Pods-EyeFighter.release.xcconfig */;
			buildSettings = {
				ASSETCATALOG_COMPILER_APPICON_NAME = AppIcon;
				CODE_SIGN_STYLE = Automatic;
				DEVELOPMENT_TEAM = FGC363783Q;
				INFOPLIST_FILE = EyeFighter/Info.plist;
				LD_RUNPATH_SEARCH_PATHS = (
					"$(inherited)",
					"@executable_path/Frameworks",
				);
				PRODUCT_BUNDLE_IDENTIFIER = com.neoxapps.laservision;
				PRODUCT_NAME = "$(TARGET_NAME)";
				SWIFT_VERSION = 5.0;
				TARGETED_DEVICE_FAMILY = "1,2";
			};
			name = Release;
		};
		0B1DFF252253605300329B7F /* Debug */ = {
			isa = XCBuildConfiguration;
			baseConfigurationReference = 14E2F6B18A36233FC1412579 /* Pods-EyeFighterTests.debug.xcconfig */;
			buildSettings = {
				ALWAYS_EMBED_SWIFT_STANDARD_LIBRARIES = YES;
				BUNDLE_LOADER = "$(TEST_HOST)";
				CODE_SIGN_STYLE = Automatic;
				DEVELOPMENT_TEAM = FGC363783Q;
				INFOPLIST_FILE = EyeFighterTests/Info.plist;
				LD_RUNPATH_SEARCH_PATHS = (
					"$(inherited)",
					"@executable_path/Frameworks",
					"@loader_path/Frameworks",
				);
				PRODUCT_BUNDLE_IDENTIFIER = com.neoxapps.EyeFighterTests;
				PRODUCT_NAME = "$(TARGET_NAME)";
				SWIFT_VERSION = 5.0;
				TARGETED_DEVICE_FAMILY = "1,2";
				TEST_HOST = "$(BUILT_PRODUCTS_DIR)/EyeFighter.app/EyeFighter";
			};
			name = Debug;
		};
		0B1DFF262253605300329B7F /* Release */ = {
			isa = XCBuildConfiguration;
			baseConfigurationReference = 574B271455E971ECBE3B3CD5 /* Pods-EyeFighterTests.release.xcconfig */;
			buildSettings = {
				ALWAYS_EMBED_SWIFT_STANDARD_LIBRARIES = YES;
				BUNDLE_LOADER = "$(TEST_HOST)";
				CODE_SIGN_STYLE = Automatic;
				DEVELOPMENT_TEAM = FGC363783Q;
				INFOPLIST_FILE = EyeFighterTests/Info.plist;
				LD_RUNPATH_SEARCH_PATHS = (
					"$(inherited)",
					"@executable_path/Frameworks",
					"@loader_path/Frameworks",
				);
				PRODUCT_BUNDLE_IDENTIFIER = com.neoxapps.EyeFighterTests;
				PRODUCT_NAME = "$(TARGET_NAME)";
				SWIFT_VERSION = 5.0;
				TARGETED_DEVICE_FAMILY = "1,2";
				TEST_HOST = "$(BUILT_PRODUCTS_DIR)/EyeFighter.app/EyeFighter";
			};
			name = Release;
		};
		0B1DFF282253605300329B7F /* Debug */ = {
			isa = XCBuildConfiguration;
			baseConfigurationReference = F3C25519AF9B0467B1C0798B /* Pods-EyeFighterUITests.debug.xcconfig */;
			buildSettings = {
				ALWAYS_EMBED_SWIFT_STANDARD_LIBRARIES = YES;
				CODE_SIGN_STYLE = Automatic;
				DEVELOPMENT_TEAM = FGC363783Q;
				INFOPLIST_FILE = EyeFighterUITests/Info.plist;
				LD_RUNPATH_SEARCH_PATHS = (
					"$(inherited)",
					"@executable_path/Frameworks",
					"@loader_path/Frameworks",
				);
				PRODUCT_BUNDLE_IDENTIFIER = com.neoxapps.EyeFighterUITests;
				PRODUCT_NAME = "$(TARGET_NAME)";
				SWIFT_VERSION = 5.0;
				TARGETED_DEVICE_FAMILY = "1,2";
				TEST_TARGET_NAME = EyeFighter;
			};
			name = Debug;
		};
		0B1DFF292253605300329B7F /* Release */ = {
			isa = XCBuildConfiguration;
			baseConfigurationReference = 919B343D35C746BE5B03A07B /* Pods-EyeFighterUITests.release.xcconfig */;
			buildSettings = {
				ALWAYS_EMBED_SWIFT_STANDARD_LIBRARIES = YES;
				CODE_SIGN_STYLE = Automatic;
				DEVELOPMENT_TEAM = FGC363783Q;
				INFOPLIST_FILE = EyeFighterUITests/Info.plist;
				LD_RUNPATH_SEARCH_PATHS = (
					"$(inherited)",
					"@executable_path/Frameworks",
					"@loader_path/Frameworks",
				);
				PRODUCT_BUNDLE_IDENTIFIER = com.neoxapps.EyeFighterUITests;
				PRODUCT_NAME = "$(TARGET_NAME)";
				SWIFT_VERSION = 5.0;
				TARGETED_DEVICE_FAMILY = "1,2";
				TEST_TARGET_NAME = EyeFighter;
			};
			name = Release;
		};
/* End XCBuildConfiguration section */

/* Begin XCConfigurationList section */
		0B1DFEF42253605000329B7F /* Build configuration list for PBXProject "EyeFighter" */ = {
			isa = XCConfigurationList;
			buildConfigurations = (
				0B1DFF1F2253605300329B7F /* Debug */,
				0B1DFF202253605300329B7F /* Release */,
			);
			defaultConfigurationIsVisible = 0;
			defaultConfigurationName = Release;
		};
		0B1DFF212253605300329B7F /* Build configuration list for PBXNativeTarget "EyeFighter" */ = {
			isa = XCConfigurationList;
			buildConfigurations = (
				0B1DFF222253605300329B7F /* Debug */,
				0B1DFF232253605300329B7F /* Release */,
			);
			defaultConfigurationIsVisible = 0;
			defaultConfigurationName = Release;
		};
		0B1DFF242253605300329B7F /* Build configuration list for PBXNativeTarget "EyeFighterTests" */ = {
			isa = XCConfigurationList;
			buildConfigurations = (
				0B1DFF252253605300329B7F /* Debug */,
				0B1DFF262253605300329B7F /* Release */,
			);
			defaultConfigurationIsVisible = 0;
			defaultConfigurationName = Release;
		};
		0B1DFF272253605300329B7F /* Build configuration list for PBXNativeTarget "EyeFighterUITests" */ = {
			isa = XCConfigurationList;
			buildConfigurations = (
				0B1DFF282253605300329B7F /* Debug */,
				0B1DFF292253605300329B7F /* Release */,
			);
			defaultConfigurationIsVisible = 0;
			defaultConfigurationName = Release;
		};
/* End XCConfigurationList section */
	};
	rootObject = 0B1DFEF12253605000329B7F /* Project object */;
}
